
Microsoft Visual Studio Solution File, Format Version 12.00
# Visual Studio Version 17
VisualStudioVersion = 17.14.36429.23
MinimumVisualStudioVersion = 10.0.40219.1
Project("{FAE04EC0-301F-11D3-BF4B-00C04F79EFBC}") = "QuestWPF", "QuestWPF\QuestWPF.csproj", "{373627B1-B1B2-4FEF-A1ED-E82753692E29}"
EndProject
Project("{FAE04EC0-301F-11D3-BF4B-00C04F79EFBC}") = "QuestQDM", "QuestQDM\QuestQDM.csproj", "{11B3EC69-80D4-4624-8180-19BD3D0551A4}"
EndProject
Project("{FAE04EC0-301F-11D3-BF4B-00C04F79EFBC}") = "QuestRDM", "QuestRDM\QuestRDM.csproj", "{7BD57209-6B2C-4DF0-9EBB-317D6424F45A}"
EndProject
Project("{FAE04EC0-301F-11D3-BF4B-00C04F79EFBC}") = "QuestIMP", "QuestIMP\QuestIMP.csproj", "{6CF5B5B0-0BCB-492C-97D8-5D8AD7F0D4CC}"
EndProject
Project("{FAE04EC0-301F-11D3-BF4B-00C04F79EFBC}") = "QuestEXP", "QuestEXP\QuestEXP.csproj", "{124E4033-F8F3-4A54-8210-81DF741F071A}"
EndProject
Project("{FAE04EC0-301F-11D3-BF4B-00C04F79EFBC}") = "QuestENG", "QuestENG\QuestENG.csproj", "{711E1785-7598-42DA-AA54-24B59AA00708}"
EndProject
Project("{FAE04EC0-301F-11D3-BF4B-00C04F79EFBC}") = "QuestWASM", "QuestWASM\QuestWASM.csproj", "{A18A0EB6-9582-4A3B-BA6E-B78834ED8A09}"
EndProject
Project("{FAE04EC0-301F-11D3-BF4B-00C04F79EFBC}") = "QuestRSX", "QuestRSX\QuestRSX.csproj", "{8E1B2ED1-0367-4B0B-91D7-649AE12583E9}"
EndProject
Global
	GlobalSection(SolutionConfigurationPlatforms) = preSolution
		Debug|Any CPU = Debug|Any CPU
		Release|Any CPU = Release|Any CPU
	EndGlobalSection
	GlobalSection(ProjectConfigurationPlatforms) = postSolution
		{373627B1-B1B2-4FEF-A1ED-E82753692E29}.Debug|Any CPU.ActiveCfg = Debug|Any CPU
		{373627B1-B1B2-4FEF-A1ED-E82753692E29}.Debug|Any CPU.Build.0 = Debug|Any CPU
		{373627B1-B1B2-4FEF-A1ED-E82753692E29}.Release|Any CPU.ActiveCfg = Release|Any CPU
		{373627B1-B1B2-4FEF-A1ED-E82753692E29}.Release|Any CPU.Build.0 = Release|Any CPU
		{11B3EC69-80D4-4624-8180-19BD3D0551A4}.Debug|Any CPU.ActiveCfg = Debug|Any CPU
		{11B3EC69-80D4-4624-8180-19BD3D0551A4}.Debug|Any CPU.Build.0 = Debug|Any CPU
		{11B3EC69-80D4-4624-8180-19BD3D0551A4}.Release|Any CPU.ActiveCfg = Release|Any CPU
		{11B3EC69-80D4-4624-8180-19BD3D0551A4}.Release|Any CPU.Build.0 = Release|Any CPU
		{7BD57209-6B2C-4DF0-9EBB-317D6424F45A}.Debug|Any CPU.ActiveCfg = Debug|Any CPU
		{7BD57209-6B2C-4DF0-9EBB-317D6424F45A}.Debug|Any CPU.Build.0 = Debug|Any CPU
		{7BD57209-6B2C-4DF0-9EBB-317D6424F45A}.Release|Any CPU.ActiveCfg = Release|Any CPU
		{7BD57209-6B2C-4DF0-9EBB-317D6424F45A}.Release|Any CPU.Build.0 = Release|Any CPU
		{6CF5B5B0-0BCB-492C-97D8-5D8AD7F0D4CC}.Debug|Any CPU.ActiveCfg = Debug|Any CPU
		{6CF5B5B0-0BCB-492C-97D8-5D8AD7F0D4CC}.Debug|Any CPU.Build.0 = Debug|Any CPU
		{6CF5B5B0-0BCB-492C-97D8-5D8AD7F0D4CC}.Release|Any CPU.ActiveCfg = Release|Any CPU
		{6CF5B5B0-0BCB-492C-97D8-5D8AD7F0D4CC}.Release|Any CPU.Build.0 = Release|Any CPU
		{124E4033-F8F3-4A54-8210-81DF741F071A}.Debug|Any CPU.ActiveCfg = Debug|Any CPU
		{124E4033-F8F3-4A54-8210-81DF741F071A}.Debug|Any CPU.Build.0 = Debug|Any CPU
		{124E4033-F8F3-4A54-8210-81DF741F071A}.Release|Any CPU.ActiveCfg = Release|Any CPU
		{124E4033-F8F3-4A54-8210-81DF741F071A}.Release|Any CPU.Build.0 = Release|Any CPU
		{711E1785-7598-42DA-AA54-24B59AA00708}.Debug|Any CPU.ActiveCfg = Debug|Any CPU
		{711E1785-7598-42DA-AA54-24B59AA00708}.Debug|Any CPU.Build.0 = Debug|Any CPU
		{711E1785-7598-42DA-AA54-24B59AA00708}.Release|Any CPU.ActiveCfg = Release|Any CPU
		{711E1785-7598-42DA-AA54-24B59AA00708}.Release|Any CPU.Build.0 = Release|Any CPU
		{A18A0EB6-9582-4A3B-BA6E-B78834ED8A09}.Debug|Any CPU.ActiveCfg = Debug|Any CPU
		{A18A0EB6-9582-4A3B-BA6E-B78834ED8A09}.Debug|Any CPU.Build.0 = Debug|Any CPU
		{A18A0EB6-9582-4A3B-BA6E-B78834ED8A09}.Release|Any CPU.ActiveCfg = Release|Any CPU
		{A18A0EB6-9582-4A3B-BA6E-B78834ED8A09}.Release|Any CPU.Build.0 = Release|Any CPU
		{8E1B2ED1-0367-4B0B-91D7-649AE12583E9}.Debug|Any CPU.ActiveCfg = Debug|Any CPU
		{8E1B2ED1-0367-4B0B-91D7-649AE12583E9}.Debug|Any CPU.Build.0 = Debug|Any CPU
		{8E1B2ED1-0367-4B0B-91D7-649AE12583E9}.Release|Any CPU.ActiveCfg = Release|Any CPU
		{8E1B2ED1-0367-4B0B-91D7-649AE12583E9}.Release|Any CPU.Build.0 = Release|Any CPU
	EndGlobalSection
	GlobalSection(SolutionProperties) = preSolution
		HideSolutionNode = FALSE
	EndGlobalSection
	GlobalSection(ExtensibilityGlobals) = postSolution
		SolutionGuid = {3F2B5CD3-36E6-40F4-870A-61C6DABEB0C8}
	EndGlobalSection
EndGlobal
